
Microsoft Visual Studio Solution File, Format Version 12.00
# Visual Studio 15
VisualStudioVersion = 15.0.35213.121
MinimumVisualStudioVersion = 10.0.40219.1
Project("{FAE04EC0-301F-11D3-BF4B-00C04F79EFBC}") = "FlappyBird", "FlappyBird\FlappyBird.csproj", "{8B49D89A-B886-4B70-ACBF-8C2F98FFF883}"
EndProject
Global
	GlobalSection(SolutionConfigurationPlatforms) = preSolution
		Debug|Any CPU = Debug|Any CPU
		Release|Any CPU = Release|Any CPU
	EndGlobalSection
	GlobalSection(ProjectConfigurationPlatforms) = postSolution
		{8B49D89A-B886-4B70-ACBF-8C2F98FFF883}.Debug|Any CPU.ActiveCfg = Debug|Any CPU
		{8B49D89A-B886-4B70-ACBF-8C2F98FFF883}.Debug|Any CPU.Build.0 = Debug|Any CPU
		{8B49D89A-B886-4B70-ACBF-8C2F98FFF883}.Release|Any CPU.ActiveCfg = Release|Any CPU
		{8B49D89A-B886-4B70-ACBF-8C2F98FFF883}.Release|Any CPU.Build.0 = Release|Any CPU
	EndGlobalSection
	GlobalSection(SolutionProperties) = preSolution
		HideSolutionNode = FALSE
	EndGlobalSection
	GlobalSection(ExtensibilityGlobals) = postSolution
		SolutionGuid = {D3EBEF30-31DF-44BA-A87B-F9A3E7A4F4E9}
	EndGlobalSection
EndGlobal
